
Microsoft Visual Studio Solution File, Format Version 12.00
# Visual Studio Version 16
VisualStudioVersion = 16.0.30503.244
MinimumVisualStudioVersion = 10.0.40219.1
Project("{FAE04EC0-301F-11D3-BF4B-00C04F79EFBC}") = "TrackingDB", "TrackingDB.csproj", "{CE3F0CEA-84A2-4A08-8F01-12D84931122F}"
EndProject
Global
	GlobalSection(SolutionConfigurationPlatforms) = preSolution
		Debug|Any CPU = Debug|Any CPU
		Release|Any CPU = Release|Any CPU
	EndGlobalSection
	GlobalSection(ProjectConfigurationPlatforms) = postSolution
		{CE3F0CEA-84A2-4A08-8F01-12D84931122F}.Debug|Any CPU.ActiveCfg = Debug|Any CPU
		{CE3F0CEA-84A2-4A08-8F01-12D84931122F}.Debug|Any CPU.Build.0 = Debug|Any CPU
		{CE3F0CEA-84A2-4A08-8F01-12D84931122F}.Release|Any CPU.ActiveCfg = Release|Any CPU
		{CE3F0CEA-84A2-4A08-8F01-12D84931122F}.Release|Any CPU.Build.0 = Release|Any CPU
	EndGlobalSection
	GlobalSection(SolutionProperties) = preSolution
		HideSolutionNode = FALSE
	EndGlobalSection
	GlobalSection(ExtensibilityGlobals) = postSolution
		SolutionGuid = {47183246-39F0-4AB1-AF9C-BD7B22871122}
	EndGlobalSection
EndGlobal
